
Microsoft Visual Studio Solution File, Format Version 12.00
# Visual Studio Version 17
VisualStudioVersion = 17.1.32319.34
MinimumVisualStudioVersion = 10.0.40219.1
Project("{9A19103F-16F7-4668-BE54-9A1E7A4F7556}") = "Zoo", "Zoo\Zoo.csproj", "{BEAAF99D-760A-463F-8B13-3E7B730ED40A}"
EndProject
Project("{FAE04EC0-301F-11D3-BF4B-00C04F79EFBC}") = "TestProject1", "TestProject1\TestProject1.csproj", "{9B99BE7F-9956-4027-B54B-B1C635F5B88E}"
EndProject
Global
	GlobalSection(SolutionConfigurationPlatforms) = preSolution
		Debug|Any CPU = Debug|Any CPU
		Release|Any CPU = Release|Any CPU
	EndGlobalSection
	GlobalSection(ProjectConfigurationPlatforms) = postSolution
		{BEAAF99D-760A-463F-8B13-3E7B730ED40A}.Debug|Any CPU.ActiveCfg = Debug|Any CPU
		{BEAAF99D-760A-463F-8B13-3E7B730ED40A}.Debug|Any CPU.Build.0 = Debug|Any CPU
		{BEAAF99D-760A-463F-8B13-3E7B730ED40A}.Release|Any CPU.ActiveCfg = Release|Any CPU
		{BEAAF99D-760A-463F-8B13-3E7B730ED40A}.Release|Any CPU.Build.0 = Release|Any CPU
		{9B99BE7F-9956-4027-B54B-B1C635F5B88E}.Debug|Any CPU.ActiveCfg = Debug|Any CPU
		{9B99BE7F-9956-4027-B54B-B1C635F5B88E}.Debug|Any CPU.Build.0 = Debug|Any CPU
		{9B99BE7F-9956-4027-B54B-B1C635F5B88E}.Release|Any CPU.ActiveCfg = Release|Any CPU
		{9B99BE7F-9956-4027-B54B-B1C635F5B88E}.Release|Any CPU.Build.0 = Release|Any CPU
	EndGlobalSection
	GlobalSection(SolutionProperties) = preSolution
		HideSolutionNode = FALSE
	EndGlobalSection
	GlobalSection(ExtensibilityGlobals) = postSolution
		SolutionGuid = {EC7ED81B-DBDA-4469-9340-FEB5E6B76ABA}
	EndGlobalSection
EndGlobal
